# THIS IS AN AUTOGENERATED FILE. DO NOT EDIT THIS FILE DIRECTLY.
# yarn lockfile v1


"@nodelib/fs.scandir@2.1.5":
  version "2.1.5"
  resolved "https://registry.yarnpkg.com/@nodelib/fs.scandir/-/fs.scandir-2.1.5.tgz#7619c2eb21b25483f6d167548b4cfd5a7488c3d5"
  integrity sha512-vq24Bq3ym5HEQm2NKCr3yXDwjc7vTsEThRDnkp2DK9p1uqLR+DHurm/NOTo0KG7HYHU7eppKZj3MyqYuMBf62g==
  dependencies:
    "@nodelib/fs.stat" "2.0.5"
    run-parallel "^1.1.9"

"@nodelib/fs.stat@2.0.5", "@nodelib/fs.stat@^2.0.2":
  version "2.0.5"
  resolved "https://registry.yarnpkg.com/@nodelib/fs.stat/-/fs.stat-2.0.5.tgz#5bd262af94e9d25bd1e71b05deed44876a222e8b"
  integrity sha512-RkhPPp2zrqDAQA/2jNhnztcPAlv64XdhIp7a7454A5ovI7Bukxgt7MX7udwAu3zg1DcpPU0rz3VV1SeaqvY4+A==

"@nodelib/fs.walk@^1.2.3":
  version "1.2.8"
  resolved "https://registry.yarnpkg.com/@nodelib/fs.walk/-/fs.walk-1.2.8.tgz#e95737e8bb6746ddedf69c556953494f196fe69a"
  integrity sha512-oGB+UxlgWcgQkgwo8GcEGwemoTFt3FIO9ababBmaGwXIoBKZ+GTy0pP185beGg7Llih/NSHSV2XAs1lnznocSg==
  dependencies:
    "@nodelib/fs.scandir" "2.1.5"
    fastq "^1.6.0"

"@sindresorhus/merge-streams@^2.1.0":
  version "2.3.0"
  resolved "https://registry.yarnpkg.com/@sindresorhus/merge-streams/-/merge-streams-2.3.0.tgz#719df7fb41766bc143369eaa0dd56d8dc87c9958"
  integrity sha512-LtoMMhxAlorcGhmFYI+LhPgbPZCkgP6ra1YL604EeF6U98pLlQ3iWIGMdWSC+vWmPBWBNgmDBAhnAobLROJmwg==

ansi-escapes@^5.0.0:
  version "5.0.0"
  resolved "https://registry.yarnpkg.com/ansi-escapes/-/ansi-escapes-5.0.0.tgz#b6a0caf0eef0c41af190e9a749e0c00ec04bb2a6"
  integrity sha512-5GFMVX8HqE/TB+FuBJGuO5XG0WrsA6ptUqoODaT/n9mmUaZFkqnBueB4leqGBCmrUHnCnC4PCZTCd0E7QQ83bA==
  dependencies:
    type-fest "^1.0.2"

argparse@^2.0.1:
  version "2.0.1"
  resolved "https://registry.yarnpkg.com/argparse/-/argparse-2.0.1.tgz#246f50f3ca78a3240f6c997e8a9bd1eac49e4b38"
  integrity sha512-8+9WqebbFzpX9OR+Wa6O29asIogeRMzcGtAINdpMHHyAg10f05aSFVBbcEqGf/PXw1EjAZ+q2/bEBg3DvurK3Q==

braces@^3.0.3:
  version "3.0.3"
  resolved "https://registry.yarnpkg.com/braces/-/braces-3.0.3.tgz#490332f40919452272d55a8480adc0c441358789"
  integrity sha512-yQbXgO/OSZVD2IsiLlro+7Hf6Q18EJrKSEsdoMzKePKXct3gvD8oLcOQdIzGupr5Fj+EDe8gO/lxc1BzfMpxvA==
  dependencies:
    fill-range "^7.1.1"

chalk@5.3.0:
  version "5.3.0"
  resolved "https://registry.yarnpkg.com/chalk/-/chalk-5.3.0.tgz#67c20a7ebef70e7f3970a01f90fa210cb6860385"
  integrity sha512-dLitG79d+GV1Nb/VYcCDFivJeK1hiukt9QjRNVOsUtTy1rR1YJsmpGGTZ3qJos+uw7WmWF4wUwBd9jxjocFC2w==

entities@^4.4.0:
  version "4.5.0"
  resolved "https://registry.yarnpkg.com/entities/-/entities-4.5.0.tgz#5d268ea5e7113ec74c4d033b79ea5a35a488fb48"
  integrity sha512-V0hjH4dGPh9Ao5p0MoRY6BVqtwCjhz6vI5LT8AJ55H+4g9/4vbHx1I54fS0XuclLhDHArPQCiMjDxjaL8fPxhw==

fast-glob@^3.3.2:
  version "3.3.2"
  resolved "https://registry.yarnpkg.com/fast-glob/-/fast-glob-3.3.2.tgz#a904501e57cfdd2ffcded45e99a54fef55e46129"
  integrity sha512-oX2ruAFQwf/Orj8m737Y5adxDQO0LAB7/S5MnxCdTNDd4p6BsyIVsv9JQsATbTSq8KHRpLwIHbVlUNatxd+1Ow==
  dependencies:
    "@nodelib/fs.stat" "^2.0.2"
    "@nodelib/fs.walk" "^1.2.3"
    glob-parent "^5.1.2"
    merge2 "^1.3.0"
    micromatch "^4.0.4"

fastq@^1.6.0:
  version "1.17.1"
  resolved "https://registry.yarnpkg.com/fastq/-/fastq-1.17.1.tgz#2a523f07a4e7b1e81a42b91b8bf2254107753b47"
  integrity sha512-sRVD3lWVIXWg6By68ZN7vho9a1pQcN/WBFaAAsDDFzlJjvoGx0P8z7V1t72grFJfJhu3YPZBuu25f7Kaw2jN1w==
  dependencies:
    reusify "^1.0.4"

fill-range@^7.1.1:
  version "7.1.1"
  resolved "https://registry.yarnpkg.com/fill-range/-/fill-range-7.1.1.tgz#44265d3cac07e3ea7dc247516380643754a05292"
  integrity sha512-YsGpe3WHLK8ZYi4tWDg2Jy3ebRz2rXowDxnld4bkQB00cc/1Zw9AWnC0i9ztDJitivtQvaI9KaLyKrc+hBW0yg==
  dependencies:
    to-regex-range "^5.0.1"

glob-parent@^5.1.2:
  version "5.1.2"
  resolved "https://registry.yarnpkg.com/glob-parent/-/glob-parent-5.1.2.tgz#869832c58034fe68a4093c17dc15e8340d8401c4"
  integrity sha512-AOIgSQCepiJYwP3ARnGx+5VnTu2HBYdzbGP45eLw1vr3zB3vZLeyed1sC9hnbcOc9/SrMyM5RPQrkGz4aS9Zow==
  dependencies:
    is-glob "^4.0.1"

globby@14.0.2:
  version "14.0.2"
  resolved "https://registry.yarnpkg.com/globby/-/globby-14.0.2.tgz#06554a54ccfe9264e5a9ff8eded46aa1e306482f"
  integrity sha512-s3Fq41ZVh7vbbe2PN3nrW7yC7U7MFVc5c98/iTl9c2GawNMKx/J648KQRW6WKkuU8GIbbh2IXfIRQjOZnXcTnw==
  dependencies:
    "@sindresorhus/merge-streams" "^2.1.0"
    fast-glob "^3.3.2"
    ignore "^5.2.4"
    path-type "^5.0.0"
    slash "^5.1.0"
    unicorn-magic "^0.1.0"

has-flag@^4.0.0:
  version "4.0.0"
  resolved "https://registry.yarnpkg.com/has-flag/-/has-flag-4.0.0.tgz#944771fd9c81c81265c4d6941860da06bb59479b"
  integrity sha512-EykJT/Q1KjTWctppgIAgfSO0tKVuZUjhgMr17kqTumMl6Afv3EISleU7qZUzoXDFTAHTDC4NOoG/ZxU3EvlMPQ==

ignore@^5.2.4:
  version "5.3.1"
  resolved "https://registry.yarnpkg.com/ignore/-/ignore-5.3.1.tgz#5073e554cd42c5b33b394375f538b8593e34d4ef"
  integrity sha512-5Fytz/IraMjqpwfd34ke28PTVMjZjJG2MPn5t7OE4eUCUNf8BAa7b5WUS9/Qvr6mwOQS7Mk6vdsMno5he+T8Xw==

is-extglob@^2.1.1:
  version "2.1.1"
  resolved "https://registry.yarnpkg.com/is-extglob/-/is-extglob-2.1.1.tgz#a88c02535791f02ed37c76a1b9ea9773c833f8c2"
  integrity sha512-SbKbANkN603Vi4jEZv49LeVJMn4yGwsbzZworEoyEiutsN3nJYdbO36zfhGJ6QEDpOZIFkDtnq5JRxmvl3jsoQ==

is-glob@^4.0.1:
  version "4.0.3"
  resolved "https://registry.yarnpkg.com/is-glob/-/is-glob-4.0.3.tgz#64f61e42cbbb2eec2071a9dac0b28ba1e65d5084"
  integrity sha512-xelSayHH36ZgE7ZWhli7pW34hNbNl8Ojv5KVmkJD4hBdD3th8Tfk9vYasLM+mXWOZhFkgZfxhLSnrwRr4elSSg==
  dependencies:
    is-extglob "^2.1.1"

is-number@^7.0.0:
  version "7.0.0"
  resolved "https://registry.yarnpkg.com/is-number/-/is-number-7.0.0.tgz#7535345b896734d5f80c4d06c50955527a14f12b"
  integrity sha512-41Cifkg6e8TylSpdtTpeLVMqvSBEVzTttHvERD741+pnZ8ANv0004MRL43QKPDlK9cGvNp6NZWZUBlbGXYxxng==

js-yaml@4.1.0:
  version "4.1.0"
  resolved "https://registry.yarnpkg.com/js-yaml/-/js-yaml-4.1.0.tgz#c1fb65f8f5017901cdd2c951864ba18458a10602"
  integrity sha512-wpxZs9NoxZaJESJGIZTyDEaYpl0FKSA+FB9aJiyemKhMwkxQg63h4T1KJgUGHpTqPDNRcmmYLugrRjJlBtWvRA==
  dependencies:
    argparse "^2.0.1"

jsonc-parser@3.3.1:
  version "3.3.1"
  resolved "https://registry.yarnpkg.com/jsonc-parser/-/jsonc-parser-3.3.1.tgz#f2a524b4f7fd11e3d791e559977ad60b98b798b4"
  integrity sha512-HUgH65KyejrUFPvHFPbqOY0rsFip3Bo5wb4ngvdi1EpCYWUQDC5V+Y7mZws+DLkr4M//zQJoanu1SP+87Dv1oQ==

junit-report-builder@5.0.0:
  version "5.0.0"
  resolved "https://registry.yarnpkg.com/junit-report-builder/-/junit-report-builder-5.0.0.tgz#85bc8375e81dbba1a3b461c4eccf4ca6c883e864"
  integrity sha512-mWPsMQ84WXVQRgD8WuIPpxhyDKSGBAY5EBKqoJQBjdRltKHVzgbLhMGwzTria6SECiWjjqBjnlAN7qc0Cdiupw==
  dependencies:
    lodash "^4.17.21"
    make-dir "^3.1.0"
    xmlbuilder "^15.1.1"

linkify-it@^5.0.0:
  version "5.0.0"
  resolved "https://registry.yarnpkg.com/linkify-it/-/linkify-it-5.0.0.tgz#9ef238bfa6dc70bd8e7f9572b52d369af569b421"
  integrity sha512-5aHCbzQRADcdP+ATqnDuhhJ/MRIqDkZX5pyjFHRRysS8vZ5AbqGEoFIb6pYHPZ+L/OC2Lc+xT8uHVVR5CAK/wQ==
  dependencies:
    uc.micro "^2.0.0"

lodash@^4.17.21:
  version "4.17.21"
  resolved "https://registry.yarnpkg.com/lodash/-/lodash-4.17.21.tgz#679591c564c3bffaae8454cf0b3df370c3d6911c"
  integrity sha512-v2kDEe57lecTulaDIuNTPy3Ry4gLGJ6Z1O3vE1krgXZNrsQ+LFTGHVxVjcXPs17LhbZVGedAJv8XZ1tvj5FvSg==

make-dir@^3.1.0:
  version "3.1.0"
  resolved "https://registry.yarnpkg.com/make-dir/-/make-dir-3.1.0.tgz#415e967046b3a7f1d185277d84aa58203726a13f"
  integrity sha512-g3FeP20LNwhALb/6Cz6Dd4F2ngze0jz7tbzrD2wAV+o9FeNHe4rL+yK2md0J/fiSf1sa1ADhXqi5+oVwOM/eGw==
  dependencies:
    semver "^6.0.0"

markdown-it@14.1.0:
  version "14.1.0"
  resolved "https://registry.yarnpkg.com/markdown-it/-/markdown-it-14.1.0.tgz#3c3c5992883c633db4714ccb4d7b5935d98b7d45"
  integrity sha512-a54IwgWPaeBCAAsv13YgmALOF1elABB08FxO9i+r4VFk5Vl4pKokRPeX8u5TCgSsPi6ec1otfLjdOpVcgbpshg==
  dependencies:
    argparse "^2.0.1"
    entities "^4.4.0"
    linkify-it "^5.0.0"
    mdurl "^2.0.0"
    punycode.js "^2.3.1"
    uc.micro "^2.1.0"

markdownlint-cli2-formatter-codequality@^0.0.5:
  version "0.0.5"
  resolved "https://registry.yarnpkg.com/markdownlint-cli2-formatter-codequality/-/markdownlint-cli2-formatter-codequality-0.0.5.tgz#48f517d41391301b431ec1615642be30136071c7"
  integrity sha512-LqD9vcpQ3QL3bTYfwemJ2ctn1cH4Rjte77zY/43mCn0JoB73VE3tj2gCALnmU4H8t+QXFGfF8lF5Fpf4tQ+mAg==

markdownlint-cli2-formatter-default@0.0.5, markdownlint-cli2-formatter-default@^0.0.5:
  version "0.0.5"
  resolved "https://registry.yarnpkg.com/markdownlint-cli2-formatter-default/-/markdownlint-cli2-formatter-default-0.0.5.tgz#b8fde4e127f9a9c0596e6d45eed352dd0aa0ff98"
  integrity sha512-4XKTwQ5m1+Txo2kuQ3Jgpo/KmnG+X90dWt4acufg6HVGadTUG5hzHF/wssp9b5MBYOMCnZ9RMPaU//uHsszF8Q==

markdownlint-cli2-formatter-json@^0.0.8:
  version "0.0.8"
  resolved "https://registry.yarnpkg.com/markdownlint-cli2-formatter-json/-/markdownlint-cli2-formatter-json-0.0.8.tgz#7b2746f3dea6d58c7a398a8564e1e880f21d36f2"
  integrity sha512-1NDSZT4kMe7x4Og1xzWA2ZtPgKSKQkILlFHGC9yGwLFvYNHMKPHUdOUsza4lh+A+wuvyA27Xw6OKC3xZEjR53w==

markdownlint-cli2-formatter-junit@^0.0.11:
  version "0.0.11"
  resolved "https://registry.yarnpkg.com/markdownlint-cli2-formatter-junit/-/markdownlint-cli2-formatter-junit-0.0.11.tgz#0d8f57d44364cf5be7dec990fdf2ac3b1f8ea4ef"
  integrity sha512-6H1LsIedPxJXsrbvk/jJzF9GiiIZD5l/djXCVnQ5qiPSkKXXQMN7uIeEGId3Kwmm6pzPEKJ7g6d+WKn0esPArw==
  dependencies:
    junit-report-builder "5.0.0"

markdownlint-cli2-formatter-pretty@^0.0.7:
  version "0.0.7"
  resolved "https://registry.yarnpkg.com/markdownlint-cli2-formatter-pretty/-/markdownlint-cli2-formatter-pretty-0.0.7.tgz#844ad689f7be5fdb6bb59b81b258083a9052d14b"
  integrity sha512-Q+F2HCqqRw3w6dd9+U5DA1D3/8em/PzJfeyhON7Zb9o7lDAqTQv77xE+S0eTjsljNVqE72LEHNH2zoxHX/e6QA==
  dependencies:
    chalk "5.3.0"
    terminal-link "3.0.0"

markdownlint-cli2-formatter-summarize@^0.0.7:
  version "0.0.7"
  resolved "https://registry.yarnpkg.com/markdownlint-cli2-formatter-summarize/-/markdownlint-cli2-formatter-summarize-0.0.7.tgz#82a6584b8b71e86a32af2d1e85d0259b68469923"
  integrity sha512-WYIuEen9A7B+OkTeAF8peRWysHKYUGYZQ8EIGAIXUm21S+UnPwxgz1EgUDpkvGlcbD/XS4474v8cnOI5so2MvQ==

markdownlint-cli2@^0.14.0:
  version "0.14.0"
  resolved "https://registry.yarnpkg.com/markdownlint-cli2/-/markdownlint-cli2-0.14.0.tgz#57dd69224c6859d64d79b6e88163208e170dc310"
  integrity sha512-2cqdWy56frU2FTpbuGb83mEWWYuUIYv6xS8RVEoUAuKNw/hXPar2UYGpuzUhlFMngE8Omaz4RBH52MzfRbGshw==
  dependencies:
    globby "14.0.2"
    js-yaml "4.1.0"
    jsonc-parser "3.3.1"
    markdownlint "0.35.0"
    markdownlint-cli2-formatter-default "0.0.5"
    micromatch "4.0.8"

markdownlint-micromark@0.1.10:
  version "0.1.10"
  resolved "https://registry.yarnpkg.com/markdownlint-micromark/-/markdownlint-micromark-0.1.10.tgz#a77a1a70adad9eac18ff412baf36a0c2189875d7"
  integrity sha512-no5ZfdqAdWGxftCLlySHSgddEjyW4kui4z7amQcGsSKfYC5v/ou+8mIQVyg9KQMeEZLNtz9OPDTj7nnTnoR4FQ==

markdownlint@0.35.0:
  version "0.35.0"
  resolved "https://registry.yarnpkg.com/markdownlint/-/markdownlint-0.35.0.tgz#8189347fef3550045de78a96c52a7f45c2a4f91e"
  integrity sha512-wgp8yesWjFBL7bycA3hxwHRdsZGJhjhyP1dSxKVKrza0EPFYtn+mHtkVy6dvP1kGSjovyG5B8yNP6Frj0UFUJg==
  dependencies:
    markdown-it "14.1.0"
    markdownlint-micromark "0.1.10"

mdurl@^2.0.0:
  version "2.0.0"
  resolved "https://registry.yarnpkg.com/mdurl/-/mdurl-2.0.0.tgz#80676ec0433025dd3e17ee983d0fe8de5a2237e0"
  integrity sha512-Lf+9+2r+Tdp5wXDXC4PcIBjTDtq4UKjCPMQhKIuzpJNW0b96kVqSwW0bT7FhRSfmAiFYgP+SCRvdrDozfh0U5w==

merge2@^1.3.0:
  version "1.4.1"
  resolved "https://registry.yarnpkg.com/merge2/-/merge2-1.4.1.tgz#4368892f885e907455a6fd7dc55c0c9d404990ae"
  integrity sha512-8q7VEgMJW4J8tcfVPy8g09NcQwZdbwFEqhe/WZkoIzjn/3TGDwtOCYtXGxA3O8tPzpczCCDgv+P2P5y00ZJOOg==

micromatch@4.0.8:
  version "4.0.8"
  resolved "https://registry.yarnpkg.com/micromatch/-/micromatch-4.0.8.tgz#d66fa18f3a47076789320b9b1af32bd86d9fa202"
  integrity sha512-PXwfBhYu0hBCPw8Dn0E+WDYb7af3dSLVWKi3HGv84IdF4TyFoC0ysxFd0Goxw7nSv4T/PzEJQxsYsEiFCKo2BA==
  dependencies:
    braces "^3.0.3"
    picomatch "^2.3.1"

micromatch@^4.0.4:
  version "4.0.7"
  resolved "https://registry.yarnpkg.com/micromatch/-/micromatch-4.0.7.tgz#33e8190d9fe474a9895525f5618eee136d46c2e5"
  integrity sha512-LPP/3KorzCwBxfeUuZmaR6bG2kdeHSbe0P2tY3FLRU4vYrjYz5hI4QZwV0njUx3jeuKe67YukQ1LSPZBKDqO/Q==
  dependencies:
    braces "^3.0.3"
    picomatch "^2.3.1"

path-type@^5.0.0:
  version "5.0.0"
  resolved "https://registry.yarnpkg.com/path-type/-/path-type-5.0.0.tgz#14b01ed7aea7ddf9c7c3f46181d4d04f9c785bb8"
  integrity sha512-5HviZNaZcfqP95rwpv+1HDgUamezbqdSYTyzjTvwtJSnIH+3vnbmWsItli8OFEndS984VT55M3jduxZbX351gg==

picomatch@^2.3.1:
  version "2.3.1"
  resolved "https://registry.yarnpkg.com/picomatch/-/picomatch-2.3.1.tgz#3ba3833733646d9d3e4995946c1365a67fb07a42"
  integrity sha512-JU3teHTNjmE2VCGFzuY8EXzCDVwEqB2a8fsIvwaStHhAWJEeVd1o1QD80CU6+ZdEXXSLbSsuLwJjkCBWqRQUVA==

punycode.js@^2.3.1:
  version "2.3.1"
  resolved "https://registry.yarnpkg.com/punycode.js/-/punycode.js-2.3.1.tgz#6b53e56ad75588234e79f4affa90972c7dd8cdb7"
  integrity sha512-uxFIHU0YlHYhDQtV4R9J6a52SLx28BCjT+4ieh7IGbgwVJWO+km431c4yRlREUAsAmt/uMjQUyQHNEPf0M39CA==

queue-microtask@^1.2.2:
  version "1.2.3"
  resolved "https://registry.yarnpkg.com/queue-microtask/-/queue-microtask-1.2.3.tgz#4929228bbc724dfac43e0efb058caf7b6cfb6243"
  integrity sha512-NuaNSa6flKT5JaSYQzJok04JzTL1CA6aGhv5rfLW3PgqA+M2ChpZQnAC8h8i4ZFkBS8X5RqkDBHA7r4hej3K9A==

reusify@^1.0.4:
  version "1.0.4"
  resolved "https://registry.yarnpkg.com/reusify/-/reusify-1.0.4.tgz#90da382b1e126efc02146e90845a88db12925d76"
  integrity sha512-U9nH88a3fc/ekCF1l0/UP1IosiuIjyTh7hBvXVMHYgVcfGvt897Xguj2UOLDeI5BG2m7/uwyaLVT6fbtCwTyzw==

run-parallel@^1.1.9:
  version "1.2.0"
  resolved "https://registry.yarnpkg.com/run-parallel/-/run-parallel-1.2.0.tgz#66d1368da7bdf921eb9d95bd1a9229e7f21a43ee"
  integrity sha512-5l4VyZR86LZ/lDxZTR6jqL8AFE2S0IFLMP26AbjsLVADxHdhB/c0GUsH+y39UfCi3dzz8OlQuPmnaJOMoDHQBA==
  dependencies:
    queue-microtask "^1.2.2"

semver@^6.0.0:
  version "6.3.1"
  resolved "https://registry.yarnpkg.com/semver/-/semver-6.3.1.tgz#556d2ef8689146e46dcea4bfdd095f3434dffcb4"
  integrity sha512-BR7VvDCVHO+q2xBEWskxS6DJE1qRnb7DxzUrogb71CWoSficBxYsiAGd+Kl0mmq/MprG9yArRkyrQxTO6XjMzA==

slash@^5.1.0:
  version "5.1.0"
  resolved "https://registry.yarnpkg.com/slash/-/slash-5.1.0.tgz#be3adddcdf09ac38eebe8dcdc7b1a57a75b095ce"
  integrity sha512-ZA6oR3T/pEyuqwMgAKT0/hAv8oAXckzbkmR0UkUosQ+Mc4RxGoJkRmwHgHufaenlyAgE1Mxgpdcrf75y6XcnDg==

supports-color@^7.0.0:
  version "7.2.0"
  resolved "https://registry.yarnpkg.com/supports-color/-/supports-color-7.2.0.tgz#1b7dcdcb32b8138801b3e478ba6a51caa89648da"
  integrity sha512-qpCAvRl9stuOHveKsn7HncJRvv501qIacKzQlO/+Lwxc9+0q2wLyv4Dfvt80/DPn2pqOBsJdDiogXGR9+OvwRw==
  dependencies:
    has-flag "^4.0.0"

supports-hyperlinks@^2.2.0:
  version "2.3.0"
  resolved "https://registry.yarnpkg.com/supports-hyperlinks/-/supports-hyperlinks-2.3.0.tgz#3943544347c1ff90b15effb03fc14ae45ec10624"
  integrity sha512-RpsAZlpWcDwOPQA22aCH4J0t7L8JmAvsCxfOSEwm7cQs3LshN36QaTkwd70DnBOXDWGssw2eUoc8CaRWT0XunA==
  dependencies:
    has-flag "^4.0.0"
    supports-color "^7.0.0"

terminal-link@3.0.0:
  version "3.0.0"
  resolved "https://registry.yarnpkg.com/terminal-link/-/terminal-link-3.0.0.tgz#91c82a66b52fc1684123297ce384429faf72ac5c"
  integrity sha512-flFL3m4wuixmf6IfhFJd1YPiLiMuxEc8uHRM1buzIeZPm22Au2pDqBJQgdo7n1WfPU1ONFGv7YDwpFBmHGF6lg==
  dependencies:
    ansi-escapes "^5.0.0"
    supports-hyperlinks "^2.2.0"

to-regex-range@^5.0.1:
  version "5.0.1"
  resolved "https://registry.yarnpkg.com/to-regex-range/-/to-regex-range-5.0.1.tgz#1648c44aae7c8d988a326018ed72f5b4dd0392e4"
  integrity sha512-65P7iz6X5yEr1cwcgvQxbbIw7Uk3gOy5dIdtZ4rDveLqhrdJP+Li/Hx6tyK0NEb+2GCyneCMJiGqrADCSNk8sQ==
  dependencies:
    is-number "^7.0.0"

type-fest@^1.0.2:
  version "1.4.0"
  resolved "https://registry.yarnpkg.com/type-fest/-/type-fest-1.4.0.tgz#e9fb813fe3bf1744ec359d55d1affefa76f14be1"
  integrity sha512-yGSza74xk0UG8k+pLh5oeoYirvIiWo5t0/o3zHHAO2tRDiZcxWP7fywNlXhqb6/r6sWvwi+RsyQMWhVLe4BVuA==

uc.micro@^2.0.0, uc.micro@^2.1.0:
  version "2.1.0"
  resolved "https://registry.yarnpkg.com/uc.micro/-/uc.micro-2.1.0.tgz#f8d3f7d0ec4c3dea35a7e3c8efa4cb8b45c9e7ee"
  integrity sha512-ARDJmphmdvUk6Glw7y9DQ2bFkKBHwQHLi2lsaH6PPmz/Ka9sFOBsBluozhDltWmnv9u/cF6Rt87znRTPV+yp/A==

unicorn-magic@^0.1.0:
  version "0.1.0"
  resolved "https://registry.yarnpkg.com/unicorn-magic/-/unicorn-magic-0.1.0.tgz#1bb9a51c823aaf9d73a8bfcd3d1a23dde94b0ce4"
  integrity sha512-lRfVq8fE8gz6QMBuDM6a+LO3IAzTi05H6gCVaUpir2E1Rwpo4ZUog45KpNXKC/Mn3Yb9UDuHumeFTo9iV/D9FQ==

xmlbuilder@^15.1.1:
  version "15.1.1"
  resolved "https://registry.yarnpkg.com/xmlbuilder/-/xmlbuilder-15.1.1.tgz#9dcdce49eea66d8d10b42cae94a79c3c8d0c2ec5"
  integrity sha512-yMqGBqtXyeN1e3TGYvgNgDVZ3j84W4cwkOXQswghol6APgZWaff9lnbvN7MHYJOiXsvGPXtjTYJEiC9J2wv9Eg==
